
Microsoft Visual Studio Solution File, Format Version 12.00
# Visual Studio Version 17
VisualStudioVersion = 17.6.33815.320
MinimumVisualStudioVersion = 10.0.40219.1
Project("{FAE04EC0-301F-11D3-BF4B-00C04F79EFBC}") = "PRJ1", "PRJ1\PRJ1.csproj", "{619E2ABC-4076-4AAD-80A4-476CCC19D9AB}"
EndProject
Global
	GlobalSection(SolutionConfigurationPlatforms) = preSolution
		Debug|Any CPU = Debug|Any CPU
		Release|Any CPU = Release|Any CPU
	EndGlobalSection
	GlobalSection(ProjectConfigurationPlatforms) = postSolution
		{619E2ABC-4076-4AAD-80A4-476CCC19D9AB}.Debug|Any CPU.ActiveCfg = Debug|Any CPU
		{619E2ABC-4076-4AAD-80A4-476CCC19D9AB}.Debug|Any CPU.Build.0 = Debug|Any CPU
		{619E2ABC-4076-4AAD-80A4-476CCC19D9AB}.Release|Any CPU.ActiveCfg = Release|Any CPU
		{619E2ABC-4076-4AAD-80A4-476CCC19D9AB}.Release|Any CPU.Build.0 = Release|Any CPU
	EndGlobalSection
	GlobalSection(SolutionProperties) = preSolution
		HideSolutionNode = FALSE
	EndGlobalSection
	GlobalSection(ExtensibilityGlobals) = postSolution
		SolutionGuid = {FC9D07C7-95B5-4D1A-B929-417D19B7F73D}
	EndGlobalSection
EndGlobal
